
Microsoft Visual Studio Solution File, Format Version 12.00
# Visual Studio Version 17
VisualStudioVersion = 17.9.34310.174
MinimumVisualStudioVersion = 10.0.40219.1
Project("{FAE04EC0-301F-11D3-BF4B-00C04F79EFBC}") = "tgBotOrder_v1.1", "tgBotOrder_v1.1.csproj", "{51CBC784-255E-449C-9F6D-843F04A1F695}"
EndProject
Global
	GlobalSection(SolutionConfigurationPlatforms) = preSolution
		Debug|Any CPU = Debug|Any CPU
		Release|Any CPU = Release|Any CPU
	EndGlobalSection
	GlobalSection(ProjectConfigurationPlatforms) = postSolution
		{51CBC784-255E-449C-9F6D-843F04A1F695}.Debug|Any CPU.ActiveCfg = Debug|Any CPU
		{51CBC784-255E-449C-9F6D-843F04A1F695}.Debug|Any CPU.Build.0 = Debug|Any CPU
		{51CBC784-255E-449C-9F6D-843F04A1F695}.Release|Any CPU.ActiveCfg = Release|Any CPU
		{51CBC784-255E-449C-9F6D-843F04A1F695}.Release|Any CPU.Build.0 = Release|Any CPU
	EndGlobalSection
	GlobalSection(SolutionProperties) = preSolution
		HideSolutionNode = FALSE
	EndGlobalSection
	GlobalSection(ExtensibilityGlobals) = postSolution
		SolutionGuid = {6010264B-E3D1-4B70-94EF-A5E25163C1B6}
	EndGlobalSection
EndGlobal
